schema: '2.0'
stages:
  load_dataset:
    cmd: python ./src/data/load_dataset.py
    deps:
    - path: ./src/data/load_dataset.py
      hash: md5
      md5: d58bb455b8d0d6a6760e593e2297d2c7
      size: 2114
    params:
      params.yaml:
        load_dataset.drive_link: 
          https://drive.google.com/file/d/1FCVWcNyBX6tFYjfORhnAvIwS8I8zV92j/view?usp=sharing
        load_dataset.file_name: wineq
        load_dataset.raw_data: /data/raw
    outs:
    - path: ./data/raw/wineq.csv
      hash: md5
      md5: 3155f71c567752e38f24f887ce0c4ef8
      size: 72970
  make_dataset:
    cmd: python ./src/data/make_dataset.py
    deps:
    - path: ./data/raw/wineq.csv
      hash: md5
      md5: 3155f71c567752e38f24f887ce0c4ef8
      size: 72970
    - path: ./src/data/make_dataset.py
      hash: md5
      md5: 46f26b9977af3624cfca1ccadbdb7717
      size: 3700
    params:
      params.yaml:
        load_dataset.file_name: wineq
        load_dataset.raw_data: /data/raw
        make_dataset.processed_data: /data/processed
        make_dataset.res_seed: 42
        make_dataset.seed: 42
        make_dataset.test_split: 0.3
    outs:
    - path: ./data/processed/test.csv
      hash: md5
      md5: a47f64c6769859adb2b4751a3d5bdf49
      size: 124770
    - path: ./data/processed/train.csv
      hash: md5
      md5: 93e73ce9392b603b592e484cea8360cd
      size: 294533
  build_features:
    cmd: python ./src/features/build_features.py
    deps:
    - path: ./data/processed/test.csv
      hash: md5
      md5: a47f64c6769859adb2b4751a3d5bdf49
      size: 124770
    - path: ./data/processed/train.csv
      hash: md5
      md5: 93e73ce9392b603b592e484cea8360cd
      size: 294533
    - path: ./src/features/build_features.py
      hash: md5
      md5: ac74288d13827cfe74b370cb76d4a8df
      size: 3229
    params:
      params.yaml:
        build_features.extended_data: /data/extended
        make_dataset.processed_data: /data/processed
    outs:
    - path: ./data/extended/extended_test.csv
      hash: md5
      md5: 9951ea94afca1d880de8f2ebeaac7eb4
      size: 239361
    - path: ./data/extended/extended_train.csv
      hash: md5
      md5: 1717607b400b97b88d8be4e7c408832f
      size: 563187
  train_model:
    cmd: python ./src/models/train_model.py
    deps:
    - path: ./data/extended/extended_test.csv
      hash: md5
      md5: 9951ea94afca1d880de8f2ebeaac7eb4
      size: 239361
    - path: ./data/extended/extended_train.csv
      hash: md5
      md5: 1717607b400b97b88d8be4e7c408832f
      size: 563187
    - path: ./src/models/train_model.py
      hash: md5
      md5: e373b32628fb03deced397d27c7d2bd4
      size: 4189
    params:
      params.yaml:
        base.target: quality
        build_features.extended_data: /data/extended
        train_model.criterion: gini
        train_model.max_depth: 25
        train_model.model_dir: /models
        train_model.n_estimators: 100
        train_model.seed: 42
    outs:
    - path: ./models/model.joblib
      hash: md5
      md5: 329a22767fab1dbd342c4c6f2dc1ea02
      size: 7056153
  predict_model:
    cmd: python ./src/models/predict_model.py
    deps:
    - path: ./models/model.joblib
      hash: md5
      md5: 329a22767fab1dbd342c4c6f2dc1ea02
      size: 7056153
    - path: ./src/models/predict_model.py
      hash: md5
      md5: e090aa3be2600d1bda34cd786562a3c8
      size: 4821
    params:
      params.yaml:
        base.target: quality
        build_features.extended_data: /data/extended
        train_model.model_dir: /models
  visualization:
    cmd: python ./src/visualization/visualize.py
    deps:
    - path: ./models/model.joblib
      hash: md5
      md5: 329a22767fab1dbd342c4c6f2dc1ea02
      size: 7056153
    - path: ./src/visualization/visualize.py
      hash: md5
      md5: c7c7b66e6352d551ddf86d633561db72
      size: 3064
    params:
      params.yaml:
        base.target: quality
        build_features.extended_data: /data/extended
        train_model.model_dir: /models
    outs:
    - path: ./plots/
      hash: md5
      md5: 17f2cf8fc6178cfbfca365b25d65d935.dir
      size: 25393
      nfiles: 1
