schema: '2.0'
stages:
  load_dataset:
    cmd: python ./src/data/load_dataset.py
    deps:
    - path: ./src/data/load_dataset.py
      hash: md5
      md5: 370ec80ce993e9604ec0c490974155f5
      size: 2302
    params:
      params.yaml:
        load_dataset.drive_link: 
          https://drive.google.com/file/d/1FCVWcNyBX6tFYjfORhnAvIwS8I8zV92j/view?usp=sharing
        load_dataset.file_name: wineq
        load_dataset.raw_data: /data/raw
    outs:
    - path: ./data/raw/wineq.csv
      hash: md5
      md5: 3155f71c567752e38f24f887ce0c4ef8
      size: 72970
